
Microsoft Visual Studio Solution File, Format Version 12.00
# Visual Studio Version 16
VisualStudioVersion = 16.0.34301.259
MinimumVisualStudioVersion = 10.0.40219.1
Project("{F184B08F-C81C-45F6-A57F-5ABD9991F28F}") = "VisualBasicIntro", "VisualBasicIntro.vbproj", "{BC1EDC3F-0AD3-4816-9111-53E1AEE8D545}"
EndProject
Global
	GlobalSection(SolutionConfigurationPlatforms) = preSolution
		Debug|Any CPU = Debug|Any CPU
		Release|Any CPU = Release|Any CPU
	EndGlobalSection
	GlobalSection(ProjectConfigurationPlatforms) = postSolution
		{BC1EDC3F-0AD3-4816-9111-53E1AEE8D545}.Debug|Any CPU.ActiveCfg = Debug|Any CPU
		{BC1EDC3F-0AD3-4816-9111-53E1AEE8D545}.Debug|Any CPU.Build.0 = Debug|Any CPU
		{BC1EDC3F-0AD3-4816-9111-53E1AEE8D545}.Release|Any CPU.ActiveCfg = Release|Any CPU
		{BC1EDC3F-0AD3-4816-9111-53E1AEE8D545}.Release|Any CPU.Build.0 = Release|Any CPU
	EndGlobalSection
	GlobalSection(SolutionProperties) = preSolution
		HideSolutionNode = FALSE
	EndGlobalSection
	GlobalSection(ExtensibilityGlobals) = postSolution
		SolutionGuid = {2CCC3E8D-8452-4630-8F8A-A6CCB39B80E8}
	EndGlobalSection
EndGlobal
