
Microsoft Visual Studio Solution File, Format Version 12.00
# Visual Studio Version 16
VisualStudioVersion = 16.0.30523.141
MinimumVisualStudioVersion = 10.0.40219.1
Project("{FAE04EC0-301F-11D3-BF4B-00C04F79EFBC}") = "ProgramacionTarea2", "ProgramacionTarea2.csproj", "{CC5FD00E-87C0-4C02-BC88-86CDD52C1507}"
EndProject
Global
	GlobalSection(SolutionConfigurationPlatforms) = preSolution
		Debug|Any CPU = Debug|Any CPU
		Release|Any CPU = Release|Any CPU
	EndGlobalSection
	GlobalSection(ProjectConfigurationPlatforms) = postSolution
		{CC5FD00E-87C0-4C02-BC88-86CDD52C1507}.Debug|Any CPU.ActiveCfg = Debug|Any CPU
		{CC5FD00E-87C0-4C02-BC88-86CDD52C1507}.Debug|Any CPU.Build.0 = Debug|Any CPU
		{CC5FD00E-87C0-4C02-BC88-86CDD52C1507}.Release|Any CPU.ActiveCfg = Release|Any CPU
		{CC5FD00E-87C0-4C02-BC88-86CDD52C1507}.Release|Any CPU.Build.0 = Release|Any CPU
	EndGlobalSection
	GlobalSection(SolutionProperties) = preSolution
		HideSolutionNode = FALSE
	EndGlobalSection
	GlobalSection(ExtensibilityGlobals) = postSolution
		SolutionGuid = {031BE3FA-95D3-4965-8F73-96A434CB49A2}
	EndGlobalSection
EndGlobal
