
Microsoft Visual Studio Solution File, Format Version 12.00
# Visual Studio Version 16
VisualStudioVersion = 16.0.30523.141
MinimumVisualStudioVersion = 10.0.40219.1
Project("{FAE04EC0-301F-11D3-BF4B-00C04F79EFBC}") = "ProgramacionTarea4", "ProgramacionTarea4.csproj", "{4672CD7A-92DD-4D6A-A8C5-5D72747CFCD4}"
EndProject
Global
	GlobalSection(SolutionConfigurationPlatforms) = preSolution
		Debug|Any CPU = Debug|Any CPU
		Release|Any CPU = Release|Any CPU
	EndGlobalSection
	GlobalSection(ProjectConfigurationPlatforms) = postSolution
		{4672CD7A-92DD-4D6A-A8C5-5D72747CFCD4}.Debug|Any CPU.ActiveCfg = Debug|Any CPU
		{4672CD7A-92DD-4D6A-A8C5-5D72747CFCD4}.Debug|Any CPU.Build.0 = Debug|Any CPU
		{4672CD7A-92DD-4D6A-A8C5-5D72747CFCD4}.Release|Any CPU.ActiveCfg = Release|Any CPU
		{4672CD7A-92DD-4D6A-A8C5-5D72747CFCD4}.Release|Any CPU.Build.0 = Release|Any CPU
	EndGlobalSection
	GlobalSection(SolutionProperties) = preSolution
		HideSolutionNode = FALSE
	EndGlobalSection
	GlobalSection(ExtensibilityGlobals) = postSolution
		SolutionGuid = {D1E3B8B8-6F2B-4DE2-8B5F-A0CA8397C176}
	EndGlobalSection
EndGlobal
